
Microsoft Visual Studio Solution File, Format Version 12.00
# Visual Studio 15
VisualStudioVersion = 15.0.26124.0
MinimumVisualStudioVersion = 15.0.26124.0
Project("{2150E333-8FDC-42A3-9474-1A3956D46DE8}") = "src", "src", "{E9D03199-91A3-473D-9202-E058748717EB}"
EndProject
Project("{FAE04EC0-301F-11D3-BF4B-00C04F79EFBC}") = "PlumPack.IdentityServer.Web", "src\PlumPack.IdentityServer.Web\PlumPack.IdentityServer.Web.csproj", "{B8407B11-5A61-4466-B08A-F84C5B162DC7}"
EndProject
Project("{FAE04EC0-301F-11D3-BF4B-00C04F79EFBC}") = "PlumPack.IdentityServer", "src\PlumPack.IdentityServer\PlumPack.IdentityServer.csproj", "{24261C41-3A1E-4F78-A681-52E637084C2B}"
EndProject
Project("{2150E333-8FDC-42A3-9474-1A3956D46DE8}") = "shared", "shared", "{D296C8C5-D330-4187-892C-7BCBE78940DA}"
EndProject
Project("{FAE04EC0-301F-11D3-BF4B-00C04F79EFBC}") = "PlumPack.Infrastructure", "shared\PlumPack.Infrastructure\PlumPack.Infrastructure.csproj", "{AC7BDAD2-CE96-4B35-80DC-414B2C5C232D}"
EndProject
Project("{FAE04EC0-301F-11D3-BF4B-00C04F79EFBC}") = "PlumPack.IdentityServer.Client", "shared\PlumPack.IdentityServer.Client\PlumPack.IdentityServer.Client.csproj", "{1964FDD9-2E55-4E35-8EBB-8C2B13B73A7B}"
EndProject
Project("{FAE04EC0-301F-11D3-BF4B-00C04F79EFBC}") = "PlumPack.IdentityServer.ExampleClient1", "src\PlumPack.IdentityServer.ExampleClient1\PlumPack.IdentityServer.ExampleClient1.csproj", "{7F5E0306-B491-4F07-9458-D559EC89BD69}"
EndProject
Project("{FAE04EC0-301F-11D3-BF4B-00C04F79EFBC}") = "PlumPack.IdentityServer.ExampleClient2", "src\PlumPack.IdentityServer.ExampleClient2\PlumPack.IdentityServer.ExampleClient2.csproj", "{40931636-FD52-4617-B423-0CCD96566A23}"
EndProject
Global
	GlobalSection(SolutionConfigurationPlatforms) = preSolution
		Debug|Any CPU = Debug|Any CPU
		Debug|x64 = Debug|x64
		Debug|x86 = Debug|x86
		Release|Any CPU = Release|Any CPU
		Release|x64 = Release|x64
		Release|x86 = Release|x86
	EndGlobalSection
	GlobalSection(SolutionProperties) = preSolution
		HideSolutionNode = FALSE
	EndGlobalSection
	GlobalSection(ProjectConfigurationPlatforms) = postSolution
		{B8407B11-5A61-4466-B08A-F84C5B162DC7}.Debug|Any CPU.ActiveCfg = Debug|Any CPU
		{B8407B11-5A61-4466-B08A-F84C5B162DC7}.Debug|Any CPU.Build.0 = Debug|Any CPU
		{B8407B11-5A61-4466-B08A-F84C5B162DC7}.Debug|x64.ActiveCfg = Debug|Any CPU
		{B8407B11-5A61-4466-B08A-F84C5B162DC7}.Debug|x64.Build.0 = Debug|Any CPU
		{B8407B11-5A61-4466-B08A-F84C5B162DC7}.Debug|x86.ActiveCfg = Debug|Any CPU
		{B8407B11-5A61-4466-B08A-F84C5B162DC7}.Debug|x86.Build.0 = Debug|Any CPU
		{B8407B11-5A61-4466-B08A-F84C5B162DC7}.Release|Any CPU.ActiveCfg = Release|Any CPU
		{B8407B11-5A61-4466-B08A-F84C5B162DC7}.Release|Any CPU.Build.0 = Release|Any CPU
		{B8407B11-5A61-4466-B08A-F84C5B162DC7}.Release|x64.ActiveCfg = Release|Any CPU
		{B8407B11-5A61-4466-B08A-F84C5B162DC7}.Release|x64.Build.0 = Release|Any CPU
		{B8407B11-5A61-4466-B08A-F84C5B162DC7}.Release|x86.ActiveCfg = Release|Any CPU
		{B8407B11-5A61-4466-B08A-F84C5B162DC7}.Release|x86.Build.0 = Release|Any CPU
		{24261C41-3A1E-4F78-A681-52E637084C2B}.Debug|Any CPU.ActiveCfg = Debug|Any CPU
		{24261C41-3A1E-4F78-A681-52E637084C2B}.Debug|Any CPU.Build.0 = Debug|Any CPU
		{24261C41-3A1E-4F78-A681-52E637084C2B}.Debug|x64.ActiveCfg = Debug|Any CPU
		{24261C41-3A1E-4F78-A681-52E637084C2B}.Debug|x64.Build.0 = Debug|Any CPU
		{24261C41-3A1E-4F78-A681-52E637084C2B}.Debug|x86.ActiveCfg = Debug|Any CPU
		{24261C41-3A1E-4F78-A681-52E637084C2B}.Debug|x86.Build.0 = Debug|Any CPU
		{24261C41-3A1E-4F78-A681-52E637084C2B}.Release|Any CPU.ActiveCfg = Release|Any CPU
		{24261C41-3A1E-4F78-A681-52E637084C2B}.Release|Any CPU.Build.0 = Release|Any CPU
		{24261C41-3A1E-4F78-A681-52E637084C2B}.Release|x64.ActiveCfg = Release|Any CPU
		{24261C41-3A1E-4F78-A681-52E637084C2B}.Release|x64.Build.0 = Release|Any CPU
		{24261C41-3A1E-4F78-A681-52E637084C2B}.Release|x86.ActiveCfg = Release|Any CPU
		{24261C41-3A1E-4F78-A681-52E637084C2B}.Release|x86.Build.0 = Release|Any CPU
		{AC7BDAD2-CE96-4B35-80DC-414B2C5C232D}.Debug|Any CPU.ActiveCfg = Debug|Any CPU
		{AC7BDAD2-CE96-4B35-80DC-414B2C5C232D}.Debug|Any CPU.Build.0 = Debug|Any CPU
		{AC7BDAD2-CE96-4B35-80DC-414B2C5C232D}.Debug|x64.ActiveCfg = Debug|Any CPU
		{AC7BDAD2-CE96-4B35-80DC-414B2C5C232D}.Debug|x64.Build.0 = Debug|Any CPU
		{AC7BDAD2-CE96-4B35-80DC-414B2C5C232D}.Debug|x86.ActiveCfg = Debug|Any CPU
		{AC7BDAD2-CE96-4B35-80DC-414B2C5C232D}.Debug|x86.Build.0 = Debug|Any CPU
		{AC7BDAD2-CE96-4B35-80DC-414B2C5C232D}.Release|Any CPU.ActiveCfg = Release|Any CPU
		{AC7BDAD2-CE96-4B35-80DC-414B2C5C232D}.Release|Any CPU.Build.0 = Release|Any CPU
		{AC7BDAD2-CE96-4B35-80DC-414B2C5C232D}.Release|x64.ActiveCfg = Release|Any CPU
		{AC7BDAD2-CE96-4B35-80DC-414B2C5C232D}.Release|x64.Build.0 = Release|Any CPU
		{AC7BDAD2-CE96-4B35-80DC-414B2C5C232D}.Release|x86.ActiveCfg = Release|Any CPU
		{AC7BDAD2-CE96-4B35-80DC-414B2C5C232D}.Release|x86.Build.0 = Release|Any CPU
		{1964FDD9-2E55-4E35-8EBB-8C2B13B73A7B}.Debug|Any CPU.ActiveCfg = Debug|Any CPU
		{1964FDD9-2E55-4E35-8EBB-8C2B13B73A7B}.Debug|Any CPU.Build.0 = Debug|Any CPU
		{1964FDD9-2E55-4E35-8EBB-8C2B13B73A7B}.Debug|x64.ActiveCfg = Debug|Any CPU
		{1964FDD9-2E55-4E35-8EBB-8C2B13B73A7B}.Debug|x64.Build.0 = Debug|Any CPU
		{1964FDD9-2E55-4E35-8EBB-8C2B13B73A7B}.Debug|x86.ActiveCfg = Debug|Any CPU
		{1964FDD9-2E55-4E35-8EBB-8C2B13B73A7B}.Debug|x86.Build.0 = Debug|Any CPU
		{1964FDD9-2E55-4E35-8EBB-8C2B13B73A7B}.Release|Any CPU.ActiveCfg = Release|Any CPU
		{1964FDD9-2E55-4E35-8EBB-8C2B13B73A7B}.Release|Any CPU.Build.0 = Release|Any CPU
		{1964FDD9-2E55-4E35-8EBB-8C2B13B73A7B}.Release|x64.ActiveCfg = Release|Any CPU
		{1964FDD9-2E55-4E35-8EBB-8C2B13B73A7B}.Release|x64.Build.0 = Release|Any CPU
		{1964FDD9-2E55-4E35-8EBB-8C2B13B73A7B}.Release|x86.ActiveCfg = Release|Any CPU
		{1964FDD9-2E55-4E35-8EBB-8C2B13B73A7B}.Release|x86.Build.0 = Release|Any CPU
		{7F5E0306-B491-4F07-9458-D559EC89BD69}.Debug|Any CPU.ActiveCfg = Debug|Any CPU
		{7F5E0306-B491-4F07-9458-D559EC89BD69}.Debug|Any CPU.Build.0 = Debug|Any CPU
		{7F5E0306-B491-4F07-9458-D559EC89BD69}.Debug|x64.ActiveCfg = Debug|Any CPU
		{7F5E0306-B491-4F07-9458-D559EC89BD69}.Debug|x64.Build.0 = Debug|Any CPU
		{7F5E0306-B491-4F07-9458-D559EC89BD69}.Debug|x86.ActiveCfg = Debug|Any CPU
		{7F5E0306-B491-4F07-9458-D559EC89BD69}.Debug|x86.Build.0 = Debug|Any CPU
		{7F5E0306-B491-4F07-9458-D559EC89BD69}.Release|Any CPU.ActiveCfg = Release|Any CPU
		{7F5E0306-B491-4F07-9458-D559EC89BD69}.Release|Any CPU.Build.0 = Release|Any CPU
		{7F5E0306-B491-4F07-9458-D559EC89BD69}.Release|x64.ActiveCfg = Release|Any CPU
		{7F5E0306-B491-4F07-9458-D559EC89BD69}.Release|x64.Build.0 = Release|Any CPU
		{7F5E0306-B491-4F07-9458-D559EC89BD69}.Release|x86.ActiveCfg = Release|Any CPU
		{7F5E0306-B491-4F07-9458-D559EC89BD69}.Release|x86.Build.0 = Release|Any CPU
		{40931636-FD52-4617-B423-0CCD96566A23}.Debug|Any CPU.ActiveCfg = Debug|Any CPU
		{40931636-FD52-4617-B423-0CCD96566A23}.Debug|Any CPU.Build.0 = Debug|Any CPU
		{40931636-FD52-4617-B423-0CCD96566A23}.Debug|x64.ActiveCfg = Debug|Any CPU
		{40931636-FD52-4617-B423-0CCD96566A23}.Debug|x64.Build.0 = Debug|Any CPU
		{40931636-FD52-4617-B423-0CCD96566A23}.Debug|x86.ActiveCfg = Debug|Any CPU
		{40931636-FD52-4617-B423-0CCD96566A23}.Debug|x86.Build.0 = Debug|Any CPU
		{40931636-FD52-4617-B423-0CCD96566A23}.Release|Any CPU.ActiveCfg = Release|Any CPU
		{40931636-FD52-4617-B423-0CCD96566A23}.Release|Any CPU.Build.0 = Release|Any CPU
		{40931636-FD52-4617-B423-0CCD96566A23}.Release|x64.ActiveCfg = Release|Any CPU
		{40931636-FD52-4617-B423-0CCD96566A23}.Release|x64.Build.0 = Release|Any CPU
		{40931636-FD52-4617-B423-0CCD96566A23}.Release|x86.ActiveCfg = Release|Any CPU
		{40931636-FD52-4617-B423-0CCD96566A23}.Release|x86.Build.0 = Release|Any CPU
	EndGlobalSection
	GlobalSection(NestedProjects) = preSolution
		{B8407B11-5A61-4466-B08A-F84C5B162DC7} = {E9D03199-91A3-473D-9202-E058748717EB}
		{24261C41-3A1E-4F78-A681-52E637084C2B} = {E9D03199-91A3-473D-9202-E058748717EB}
		{AC7BDAD2-CE96-4B35-80DC-414B2C5C232D} = {D296C8C5-D330-4187-892C-7BCBE78940DA}
		{1964FDD9-2E55-4E35-8EBB-8C2B13B73A7B} = {D296C8C5-D330-4187-892C-7BCBE78940DA}
		{7F5E0306-B491-4F07-9458-D559EC89BD69} = {E9D03199-91A3-473D-9202-E058748717EB}
		{40931636-FD52-4617-B423-0CCD96566A23} = {E9D03199-91A3-473D-9202-E058748717EB}
	EndGlobalSection
EndGlobal
