
Microsoft Visual Studio Solution File, Format Version 12.00
# Visual Studio 15
VisualStudioVersion = 15.0.26124.0
MinimumVisualStudioVersion = 15.0.26124.0
Project("{2150E333-8FDC-42A3-9474-1A3956D46DE8}") = "src", "src", "{E9D03199-91A3-473D-9202-E058748717EB}"
EndProject
Project("{FAE04EC0-301F-11D3-BF4B-00C04F79EFBC}") = "PlumPack.Infrastructure", "src\PlumPack.Infrastructure\PlumPack.Infrastructure.csproj", "{1E2275DE-CAAD-4B65-9B05-F55471EB6F5F}"
EndProject
Project("{FAE04EC0-301F-11D3-BF4B-00C04F79EFBC}") = "PlumPack.IdentityServer.Web", "src\PlumPack.IdentityServer.Web\PlumPack.IdentityServer.Web.csproj", "{B8407B11-5A61-4466-B08A-F84C5B162DC7}"
EndProject
Project("{FAE04EC0-301F-11D3-BF4B-00C04F79EFBC}") = "PlumPack.IdentityServer", "src\PlumPack.IdentityServer\PlumPack.IdentityServer.csproj", "{24261C41-3A1E-4F78-A681-52E637084C2B}"
EndProject
Project("{FAE04EC0-301F-11D3-BF4B-00C04F79EFBC}") = "PlumPack.IdentityServer.ExampleClient", "src\PlumPack.IdentityServer.ExampleClient\PlumPack.IdentityServer.ExampleClient.csproj", "{570E143A-2AA4-4D07-888A-A02D8C12BC94}"
EndProject
Global
	GlobalSection(SolutionConfigurationPlatforms) = preSolution
		Debug|Any CPU = Debug|Any CPU
		Debug|x64 = Debug|x64
		Debug|x86 = Debug|x86
		Release|Any CPU = Release|Any CPU
		Release|x64 = Release|x64
		Release|x86 = Release|x86
	EndGlobalSection
	GlobalSection(SolutionProperties) = preSolution
		HideSolutionNode = FALSE
	EndGlobalSection
	GlobalSection(ProjectConfigurationPlatforms) = postSolution
		{1E2275DE-CAAD-4B65-9B05-F55471EB6F5F}.Debug|Any CPU.ActiveCfg = Debug|Any CPU
		{1E2275DE-CAAD-4B65-9B05-F55471EB6F5F}.Debug|Any CPU.Build.0 = Debug|Any CPU
		{1E2275DE-CAAD-4B65-9B05-F55471EB6F5F}.Debug|x64.ActiveCfg = Debug|Any CPU
		{1E2275DE-CAAD-4B65-9B05-F55471EB6F5F}.Debug|x64.Build.0 = Debug|Any CPU
		{1E2275DE-CAAD-4B65-9B05-F55471EB6F5F}.Debug|x86.ActiveCfg = Debug|Any CPU
		{1E2275DE-CAAD-4B65-9B05-F55471EB6F5F}.Debug|x86.Build.0 = Debug|Any CPU
		{1E2275DE-CAAD-4B65-9B05-F55471EB6F5F}.Release|Any CPU.ActiveCfg = Release|Any CPU
		{1E2275DE-CAAD-4B65-9B05-F55471EB6F5F}.Release|Any CPU.Build.0 = Release|Any CPU
		{1E2275DE-CAAD-4B65-9B05-F55471EB6F5F}.Release|x64.ActiveCfg = Release|Any CPU
		{1E2275DE-CAAD-4B65-9B05-F55471EB6F5F}.Release|x64.Build.0 = Release|Any CPU
		{1E2275DE-CAAD-4B65-9B05-F55471EB6F5F}.Release|x86.ActiveCfg = Release|Any CPU
		{1E2275DE-CAAD-4B65-9B05-F55471EB6F5F}.Release|x86.Build.0 = Release|Any CPU
		{B8407B11-5A61-4466-B08A-F84C5B162DC7}.Debug|Any CPU.ActiveCfg = Debug|Any CPU
		{B8407B11-5A61-4466-B08A-F84C5B162DC7}.Debug|Any CPU.Build.0 = Debug|Any CPU
		{B8407B11-5A61-4466-B08A-F84C5B162DC7}.Debug|x64.ActiveCfg = Debug|Any CPU
		{B8407B11-5A61-4466-B08A-F84C5B162DC7}.Debug|x64.Build.0 = Debug|Any CPU
		{B8407B11-5A61-4466-B08A-F84C5B162DC7}.Debug|x86.ActiveCfg = Debug|Any CPU
		{B8407B11-5A61-4466-B08A-F84C5B162DC7}.Debug|x86.Build.0 = Debug|Any CPU
		{B8407B11-5A61-4466-B08A-F84C5B162DC7}.Release|Any CPU.ActiveCfg = Release|Any CPU
		{B8407B11-5A61-4466-B08A-F84C5B162DC7}.Release|Any CPU.Build.0 = Release|Any CPU
		{B8407B11-5A61-4466-B08A-F84C5B162DC7}.Release|x64.ActiveCfg = Release|Any CPU
		{B8407B11-5A61-4466-B08A-F84C5B162DC7}.Release|x64.Build.0 = Release|Any CPU
		{B8407B11-5A61-4466-B08A-F84C5B162DC7}.Release|x86.ActiveCfg = Release|Any CPU
		{B8407B11-5A61-4466-B08A-F84C5B162DC7}.Release|x86.Build.0 = Release|Any CPU
		{24261C41-3A1E-4F78-A681-52E637084C2B}.Debug|Any CPU.ActiveCfg = Debug|Any CPU
		{24261C41-3A1E-4F78-A681-52E637084C2B}.Debug|Any CPU.Build.0 = Debug|Any CPU
		{24261C41-3A1E-4F78-A681-52E637084C2B}.Debug|x64.ActiveCfg = Debug|Any CPU
		{24261C41-3A1E-4F78-A681-52E637084C2B}.Debug|x64.Build.0 = Debug|Any CPU
		{24261C41-3A1E-4F78-A681-52E637084C2B}.Debug|x86.ActiveCfg = Debug|Any CPU
		{24261C41-3A1E-4F78-A681-52E637084C2B}.Debug|x86.Build.0 = Debug|Any CPU
		{24261C41-3A1E-4F78-A681-52E637084C2B}.Release|Any CPU.ActiveCfg = Release|Any CPU
		{24261C41-3A1E-4F78-A681-52E637084C2B}.Release|Any CPU.Build.0 = Release|Any CPU
		{24261C41-3A1E-4F78-A681-52E637084C2B}.Release|x64.ActiveCfg = Release|Any CPU
		{24261C41-3A1E-4F78-A681-52E637084C2B}.Release|x64.Build.0 = Release|Any CPU
		{24261C41-3A1E-4F78-A681-52E637084C2B}.Release|x86.ActiveCfg = Release|Any CPU
		{24261C41-3A1E-4F78-A681-52E637084C2B}.Release|x86.Build.0 = Release|Any CPU
		{570E143A-2AA4-4D07-888A-A02D8C12BC94}.Debug|Any CPU.ActiveCfg = Debug|Any CPU
		{570E143A-2AA4-4D07-888A-A02D8C12BC94}.Debug|Any CPU.Build.0 = Debug|Any CPU
		{570E143A-2AA4-4D07-888A-A02D8C12BC94}.Debug|x64.ActiveCfg = Debug|Any CPU
		{570E143A-2AA4-4D07-888A-A02D8C12BC94}.Debug|x64.Build.0 = Debug|Any CPU
		{570E143A-2AA4-4D07-888A-A02D8C12BC94}.Debug|x86.ActiveCfg = Debug|Any CPU
		{570E143A-2AA4-4D07-888A-A02D8C12BC94}.Debug|x86.Build.0 = Debug|Any CPU
		{570E143A-2AA4-4D07-888A-A02D8C12BC94}.Release|Any CPU.ActiveCfg = Release|Any CPU
		{570E143A-2AA4-4D07-888A-A02D8C12BC94}.Release|Any CPU.Build.0 = Release|Any CPU
		{570E143A-2AA4-4D07-888A-A02D8C12BC94}.Release|x64.ActiveCfg = Release|Any CPU
		{570E143A-2AA4-4D07-888A-A02D8C12BC94}.Release|x64.Build.0 = Release|Any CPU
		{570E143A-2AA4-4D07-888A-A02D8C12BC94}.Release|x86.ActiveCfg = Release|Any CPU
		{570E143A-2AA4-4D07-888A-A02D8C12BC94}.Release|x86.Build.0 = Release|Any CPU
	EndGlobalSection
	GlobalSection(NestedProjects) = preSolution
		{1E2275DE-CAAD-4B65-9B05-F55471EB6F5F} = {E9D03199-91A3-473D-9202-E058748717EB}
		{B8407B11-5A61-4466-B08A-F84C5B162DC7} = {E9D03199-91A3-473D-9202-E058748717EB}
		{24261C41-3A1E-4F78-A681-52E637084C2B} = {E9D03199-91A3-473D-9202-E058748717EB}
		{570E143A-2AA4-4D07-888A-A02D8C12BC94} = {E9D03199-91A3-473D-9202-E058748717EB}
	EndGlobalSection
EndGlobal
